{
  "version": 4,
  "terraform_version": "1.2.8",
  "serial": 3,
  "lineage": "278bb1bd-1b4c-b1d3-4d5f-81247d7cb270",
  "outputs": {},
  "resources": [
    {
      "mode": "managed",
      "type": "aws_nat_gateway",
      "name": "example1",
      "provider": "provider[\"registry.terraform.io/hashicorp/aws\"]",
      "instances": [
        {
          "schema_version": 0,
          "attributes": {
            "allocation_id": "",
            "connectivity_type": "private",
            "id": "nat-0e41cb6c6fb034e35",
            "network_interface_id": "eni-03f2ec8d25f66b5e0",
            "private_ip": "172.31.35.223",
            "public_ip": "",
            "subnet_id": "subnet-04cf529db6e1aa982",
            "tags": null,
            "tags_all": {}
          },
          "sensitive_attributes": [],
          "private": "bnVsbA=="
        }
      ]
    }
  ]
}
