{
  "version": 4,
  "terraform_version": "1.2.8",
  "serial": 10,
  "lineage": "1f44b6d6-4986-d227-f321-c7f84992f0da",
  "outputs": {},
  "resources": [
    {
      "mode": "managed",
      "type": "aws_route53_record",
      "name": "dev-ns",
      "provider": "provider[\"registry.terraform.io/hashicorp/aws\"]",
      "instances": [
        {
          "schema_version": 2,
          "attributes": {
            "alias": [],
            "allow_overwrite": null,
            "failover_routing_policy": [],
            "fqdn": "dev.chandu.com",
            "geolocation_routing_policy": [],
            "health_check_id": null,
            "id": "Z0882546C0G31KCM5WH6_dev.chandu.com_NS",
            "latency_routing_policy": [],
            "multivalue_answer_routing_policy": null,
            "name": "dev.chandu.com",
            "records": [
              "ns-1491.awsdns-58.org",
              "ns-1623.awsdns-10.co.uk",
              "ns-373.awsdns-46.com",
              "ns-822.awsdns-38.net"
            ],
            "set_identifier": null,
            "ttl": 30,
            "type": "NS",
            "weighted_routing_policy": [],
            "zone_id": "Z0882546C0G31KCM5WH6"
          },
          "sensitive_attributes": [],
          "private": "eyJzY2hlbWFfdmVyc2lvbiI6IjIifQ==",
          "dependencies": [
            "aws_route53_zone.dev",
            "aws_route53_zone.main"
          ]
        }
      ]
    },
    {
      "mode": "managed",
      "type": "aws_route53_zone",
      "name": "dev",
      "provider": "provider[\"registry.terraform.io/hashicorp/aws\"]",
      "instances": [
        {
          "schema_version": 0,
          "attributes": {
            "arn": "arn:aws:route53:::hostedzone/Z0899257GMKHJDWUWNI4",
            "comment": "Managed by Terraform",
            "delegation_set_id": "",
            "force_destroy": false,
            "id": "Z0899257GMKHJDWUWNI4",
            "name": "dev.chandu.com",
            "name_servers": [
              "ns-1491.awsdns-58.org",
              "ns-1623.awsdns-10.co.uk",
              "ns-373.awsdns-46.com",
              "ns-822.awsdns-38.net"
            ],
            "tags": {
              "Environment": "dev"
            },
            "tags_all": {
              "Environment": "dev"
            },
            "vpc": [],
            "zone_id": "Z0899257GMKHJDWUWNI4"
          },
          "sensitive_attributes": [],
          "private": "bnVsbA=="
        }
      ]
    },
    {
      "mode": "managed",
      "type": "aws_route53_zone",
      "name": "main",
      "provider": "provider[\"registry.terraform.io/hashicorp/aws\"]",
      "instances": [
        {
          "schema_version": 0,
          "attributes": {
            "arn": "arn:aws:route53:::hostedzone/Z0882546C0G31KCM5WH6",
            "comment": "Managed by Terraform",
            "delegation_set_id": "",
            "force_destroy": false,
            "id": "Z0882546C0G31KCM5WH6",
            "name": "chandu.com",
            "name_servers": [
              "ns-1074.awsdns-06.org",
              "ns-1919.awsdns-47.co.uk",
              "ns-198.awsdns-24.com",
              "ns-692.awsdns-22.net"
            ],
            "tags": null,
            "tags_all": {},
            "vpc": [],
            "zone_id": "Z0882546C0G31KCM5WH6"
          },
          "sensitive_attributes": [],
          "private": "bnVsbA=="
        }
      ]
    }
  ]
}
